# THIS IS AN AUTOGENERATED FILE. DO NOT EDIT THIS FILE DIRECTLY.
# yarn lockfile v1


"@otplib/core@^12.0.1":
  version "12.0.1"
  resolved "https://registry.yarnpkg.com/@otplib/core/-/core-12.0.1.tgz#73720a8cedce211fe5b3f683cd5a9c098eaf0f8d"
  integrity sha512-4sGntwbA/AC+SbPhbsziRiD+jNDdIzsZ3JUyfZwjtKyc/wufl1pnSIaG4Uqx8ymPagujub0o92kgBnB89cuAMA==

"@otplib/plugin-crypto@^12.0.1":
  version "12.0.1"
  resolved "https://registry.yarnpkg.com/@otplib/plugin-crypto/-/plugin-crypto-12.0.1.tgz#2b42c624227f4f9303c1c041fca399eddcbae25e"
  integrity sha512-qPuhN3QrT7ZZLcLCyKOSNhuijUi9G5guMRVrxq63r9YNOxxQjPm59gVxLM+7xGnHnM6cimY57tuKsjK7y9LM1g==
  dependencies:
    "@otplib/core" "^12.0.1"

"@otplib/plugin-thirty-two@^12.0.1":
  version "12.0.1"
  resolved "https://registry.yarnpkg.com/@otplib/plugin-thirty-two/-/plugin-thirty-two-12.0.1.tgz#5cc9b56e6e89f2a1fe4a2b38900ca4e11c87aa9e"
  integrity sha512-MtT+uqRso909UkbrrYpJ6XFjj9D+x2Py7KjTO9JDPhL0bJUYVu5kFP4TFZW4NFAywrAtFRxOVY261u0qwb93gA==
  dependencies:
    "@otplib/core" "^12.0.1"
    thirty-two "^1.0.2"

"@otplib/preset-default@^12.0.1":
  version "12.0.1"
  resolved "https://registry.yarnpkg.com/@otplib/preset-default/-/preset-default-12.0.1.tgz#cb596553c08251e71b187ada4a2246ad2a3165ba"
  integrity sha512-xf1v9oOJRyXfluBhMdpOkr+bsE+Irt+0D5uHtvg6x1eosfmHCsCC6ej/m7FXiWqdo0+ZUI6xSKDhJwc8yfiOPQ==
  dependencies:
    "@otplib/core" "^12.0.1"
    "@otplib/plugin-crypto" "^12.0.1"
    "@otplib/plugin-thirty-two" "^12.0.1"

"@otplib/preset-v11@^12.0.1":
  version "12.0.1"
  resolved "https://registry.yarnpkg.com/@otplib/preset-v11/-/preset-v11-12.0.1.tgz#4c7266712e7230500b421ba89252963c838fc96d"
  integrity sha512-9hSetMI7ECqbFiKICrNa4w70deTUfArtwXykPUvSHWOdzOlfa9ajglu7mNCntlvxycTiOAXkQGwjQCzzDEMRMg==
  dependencies:
    "@otplib/core" "^12.0.1"
    "@otplib/plugin-crypto" "^12.0.1"
    "@otplib/plugin-thirty-two" "^12.0.1"

"@playwright/test@1.60.0":
  version "1.60.0"
  resolved "https://registry.yarnpkg.com/@playwright/test/-/test-1.60.0.tgz#e696c31427e8882851235cd556dc2490c3206d97"
  integrity sha512-O71yZIbAh/PxDMNGns37GHBIfrVkEVyn+AXyIa5dOTfb4/xNvRWV+Vv/NMbNCtODB/pO7vLlF2OTmMVLhmr7Ag==
  dependencies:
    playwright "1.60.0"

"@redis/bloom@1.2.0":
  version "1.2.0"
  resolved "https://registry.yarnpkg.com/@redis/bloom/-/bloom-1.2.0.tgz#d3fd6d3c0af3ef92f26767b56414a370c7b63b71"
  integrity sha512-HG2DFjYKbpNmVXsa0keLHp/3leGJz1mjh09f2RLGGLQZzSHpkmZWuwJbAvo3QcRY8p80m5+ZdXZdYOSBLlp7Cg==

"@redis/client@1.6.1":
  version "1.6.1"
  resolved "https://registry.yarnpkg.com/@redis/client/-/client-1.6.1.tgz#c4636b7cb34e96008a988409b7e787364ae761a2"
  integrity sha512-/KCsg3xSlR+nCK8/8ZYSknYxvXHwubJrU82F3Lm1Fp6789VQ0/3RJKfsmRXjqfaTA++23CvC3hqmqe/2GEt6Kw==
  dependencies:
    cluster-key-slot "1.1.2"
    generic-pool "3.9.0"
    yallist "4.0.0"

"@redis/graph@1.1.1":
  version "1.1.1"
  resolved "https://registry.yarnpkg.com/@redis/graph/-/graph-1.1.1.tgz#8c10df2df7f7d02741866751764031a957a170ea"
  integrity sha512-FEMTcTHZozZciLRl6GiiIB4zGm5z5F3F6a6FZCyrfxdKOhFlGkiAqlexWMBzCi4DcRoyiOsuLfW+cjlGWyExOw==

"@redis/json@1.0.7":
  version "1.0.7"
  resolved "https://registry.yarnpkg.com/@redis/json/-/json-1.0.7.tgz#016257fcd933c4cbcb9c49cde8a0961375c6893b"
  integrity sha512-6UyXfjVaTBTJtKNG4/9Z8PSpKE6XgSyEb8iwaqDcy+uKrd/DGYHTWkUdnQDyzm727V7p21WUMhsqz5oy65kPcQ==

"@redis/search@1.2.0":
  version "1.2.0"
  resolved "https://registry.yarnpkg.com/@redis/search/-/search-1.2.0.tgz#50976fd3f31168f585666f7922dde111c74567b8"
  integrity sha512-tYoDBbtqOVigEDMAcTGsRlMycIIjwMCgD8eR2t0NANeQmgK/lvxNAvYyb6bZDD4frHRhIHkJu2TBRvB0ERkOmw==

"@redis/time-series@1.1.0":
  version "1.1.0"
  resolved "https://registry.yarnpkg.com/@redis/time-series/-/time-series-1.1.0.tgz#cba454c05ec201bd5547aaf55286d44682ac8eb5"
  integrity sha512-c1Q99M5ljsIuc4YdaCwfUEXsofakb9c8+Zse2qxTadu8TalLXuAESzLvFAvNVbkmSlvlzIQOLpBCmWI9wTOt+g==

ansi-styles@^3.2.1:
  version "3.2.1"
  resolved "https://registry.yarnpkg.com/ansi-styles/-/ansi-styles-3.2.1.tgz#41fbb20243e50b12be0f04b8dedbf07520ce841d"
  integrity sha512-VT0ZI6kZRdTh8YyJw3SMbYm/u+NqfsAxEpWO0Pf9sq8/e94WxxOpPKx9FR1FlyCtOVDNOQ+8ntlqFxiRc+r5qA==
  dependencies:
    color-convert "^1.9.0"

asn1@^0.2.4:
  version "0.2.6"
  resolved "https://registry.yarnpkg.com/asn1/-/asn1-0.2.6.tgz#0d3a7bb6e64e02a90c0303b31f292868ea09a08d"
  integrity sha512-ix/FxPn0MDjeyJ7i/yoHGFt/EX6LyNbxSEhPPXODPL+KB0VPk86UYfL0lMdy+KCnv+fmvIzySwaK5COwqVbWTQ==
  dependencies:
    safer-buffer "~2.1.0"

bcrypt-pbkdf@^1.0.2:
  version "1.0.2"
  resolved "https://registry.yarnpkg.com/bcrypt-pbkdf/-/bcrypt-pbkdf-1.0.2.tgz#a4301d389b6a43f9b67ff3ca11a3f6637e360e9e"
  integrity sha512-qeFIXtP4MSoi6NLqO12WfqARWWuCKi2Rn/9hJLEmtB5yTNr9DqFWkJRCf2qShWzPeAMRnOgCrq0sg/KLv5ES9w==
  dependencies:
    tweetnacl "^0.14.3"

buildcheck@~0.0.6:
  version "0.0.7"
  resolved "https://registry.yarnpkg.com/buildcheck/-/buildcheck-0.0.7.tgz#07a5e76c10ead8fa67d9e4c587b68f49e8f29d61"
  integrity sha512-lHblz4ahamxpTmnsk+MNTRWsjYKv965MwOrSJyeD588rR3Jcu7swE+0wN5F+PbL5cjgu/9ObkhfzEPuofEMwLA==

chalk@^2.4.2:
  version "2.4.2"
  resolved "https://registry.yarnpkg.com/chalk/-/chalk-2.4.2.tgz#cd42541677a54333cf541a49108c1432b44c9424"
  integrity sha512-Mti+f9lpJNcwF4tWV8/OrTTtF1gZi+f8FqlyAdouralcFWFQWF2+NgCHShjkCb+IFBLq9buZwE1xckQU4peSuQ==
  dependencies:
    ansi-styles "^3.2.1"
    escape-string-regexp "^1.0.5"
    supports-color "^5.3.0"

cluster-key-slot@1.1.2:
  version "1.1.2"
  resolved "https://registry.yarnpkg.com/cluster-key-slot/-/cluster-key-slot-1.1.2.tgz#88ddaa46906e303b5de30d3153b7d9fe0a0c19ac"
  integrity sha512-RMr0FhtfXemyinomL4hrWcYJxmX6deFdCxpJzhDttxgO1+bcCnkk+9drydLVDmAMG7NE6aN/fl4F7ucU/90gAA==

color-convert@^1.9.0:
  version "1.9.3"
  resolved "https://registry.yarnpkg.com/color-convert/-/color-convert-1.9.3.tgz#bb71850690e1f136567de629d2d5471deda4c1e8"
  integrity sha512-QfAUtd+vFdAtFQcC8CCyYt1fYWxSqAiK2cSD6zDB8N3cpsEBAvRxp9zOGg6G/SHHJYAT88/az/IuDGALsNVbGg==
  dependencies:
    color-name "1.1.3"

color-name@1.1.3:
  version "1.1.3"
  resolved "https://registry.yarnpkg.com/color-name/-/color-name-1.1.3.tgz#a7d0558bd89c42f795dd42328f740831ca53bc25"
  integrity sha512-72fSenhMw2HZMTVHeCA9KCmpEIbzWiQsjN+BHcBbS9vr1mtt+vJjPdksIBNUmKAW8TFUDPJK5SUU3QhE9NEXDw==

commander@^3.0.2:
  version "3.0.2"
  resolved "https://registry.yarnpkg.com/commander/-/commander-3.0.2.tgz#6837c3fb677ad9933d1cfba42dd14d5117d6b39e"
  integrity sha512-Gar0ASD4BDyKC4hl4DwHqDrmvjoxWKZigVnAbn5H1owvm4CxCPdb0HQDehwNYMJpla5+M2tPmPARzhtYuwpHow==

cpu-features@~0.0.4:
  version "0.0.10"
  resolved "https://registry.yarnpkg.com/cpu-features/-/cpu-features-0.0.10.tgz#9aae536db2710c7254d7ed67cb3cbc7d29ad79c5"
  integrity sha512-9IkYqtX3YHPCzoVg1Py+o9057a3i0fp7S530UWokCSaFVTc7CwXPRiOjRjBQQ18ZCNafx78YfnG+HALxtVmOGA==
  dependencies:
    buildcheck "~0.0.6"
    nan "^2.19.0"

debug@^4.1.1:
  version "4.4.3"
  resolved "https://registry.yarnpkg.com/debug/-/debug-4.4.3.tgz#c6ae432d9bd9662582fce08709b038c58e9e3d6a"
  integrity sha512-RGwwWnwQvkVfavKVt22FGLw+xYSdzARwm0ru6DhTVA3umU5hZc28V3kO4stgYryrTlLpuvgI9GiijltAjNbcqA==
  dependencies:
    ms "^2.1.3"

escape-string-regexp@^1.0.5:
  version "1.0.5"
  resolved "https://registry.yarnpkg.com/escape-string-regexp/-/escape-string-regexp-1.0.5.tgz#1b61c0562190a8dff6ae3bb2cf0200ca130b86d4"
  integrity sha512-vbRorB5FUQWvla16U8R/qgaFIya2qGzwDrNmCZuYKrbdSUMG6I1ZCGQRefkRVhuOkIGVne7BQ35DSfo1qvJqFg==

fsevents@2.3.2:
  version "2.3.2"
  resolved "https://registry.yarnpkg.com/fsevents/-/fsevents-2.3.2.tgz#8a526f78b8fdf4623b709e0b975c52c24c02fd1a"
  integrity sha512-xiqMQR4xAeHTuB9uWm+fFRcIOgKBMiOBP+eXiyT7jsgVCq1bkVygt00oASowB7EdtpOHaaPgKt812P9ab+DDKA==

generic-pool@3.9.0:
  version "3.9.0"
  resolved "https://registry.yarnpkg.com/generic-pool/-/generic-pool-3.9.0.tgz#36f4a678e963f4fdb8707eab050823abc4e8f5e4"
  integrity sha512-hymDOu5B53XvN4QT9dBmZxPX4CWhBPPLguTZ9MMFeFa/Kg0xWVfylOVNlJji/E7yTZWFd/q9GO5TxDLq156D7g==

has-flag@^3.0.0:
  version "3.0.0"
  resolved "https://registry.yarnpkg.com/has-flag/-/has-flag-3.0.0.tgz#b5d454dc2199ae225699f3467e5a07f3b955bafd"
  integrity sha512-sKJf1+ceQBr4SMkvQnBDNDtf4TXpVhVGateu0t918bl30FnbE2m4vNLX+VWe/dpjlb+HugGYzW7uQXH98HPEYw==

ms@^2.1.3:
  version "2.1.3"
  resolved "https://registry.yarnpkg.com/ms/-/ms-2.1.3.tgz#574c8138ce1d2b5861f0b44579dbadd60c6615b2"
  integrity sha512-6FlzubTLZG3J2a/NVCAleEhjzq5oxgHyaCU9yYXvcLsvoVaHJq/s5xXI6/XXP6tz7R9xAOtHnSO/tXtF3WRTlA==

nan@^2.16.0, nan@^2.19.0:
  version "2.27.0"
  resolved "https://registry.yarnpkg.com/nan/-/nan-2.27.0.tgz#804e389f4c0e39b729a17eca85c80ebc4355c4c4"
  integrity sha512-hC+0LidcL3XE4rp1C4H54KujgXKzbfyTngZTwBByQxsOxCEKZT0MPQ4hOKUH2jU1OYstqdDH4onyHPDzcV0XdQ==

otplib@^12.0.1:
  version "12.0.1"
  resolved "https://registry.yarnpkg.com/otplib/-/otplib-12.0.1.tgz#c1d3060ab7aadf041ed2960302f27095777d1f73"
  integrity sha512-xDGvUOQjop7RDgxTQ+o4pOol0/3xSZzawTiPKRrHnQWAy0WjhNs/5HdIDJCrqC4MBynmjXgULc6YfioaxZeFgg==
  dependencies:
    "@otplib/core" "^12.0.1"
    "@otplib/preset-default" "^12.0.1"
    "@otplib/preset-v11" "^12.0.1"

playwright-core@1.60.0:
  version "1.60.0"
  resolved "https://registry.yarnpkg.com/playwright-core/-/playwright-core-1.60.0.tgz#24e0d9cc4730713db5dffcace29b5e4696b1907a"
  integrity sha512-9bW6zvX/m0lEbgTKJ6YppOKx8H3VOPBMOCFh2irXFOT4BbHgrx5hPjwJYLT40Lu+4qtD36qKc/Hn56StUW57IA==

playwright@1.60.0:
  version "1.60.0"
  resolved "https://registry.yarnpkg.com/playwright/-/playwright-1.60.0.tgz#89710863a51f21112633ef8b6b182594d3bfd7b5"
  integrity sha512-hheHdokM8cdqCb0lcE3s+zT4t4W+vvjpGxsZlDnikarzx8tSzMebh3UiFtgqwFwnTnjYQcsyMF8ei2mCO/tpeA==
  dependencies:
    playwright-core "1.60.0"
  optionalDependencies:
    fsevents "2.3.2"

redis@<5:
  version "4.7.1"
  resolved "https://registry.yarnpkg.com/redis/-/redis-4.7.1.tgz#08588a30936be0e7ad9c0f3e1ac6a85ccaf73e94"
  integrity sha512-S1bJDnqLftzHXHP8JsT5II/CtHWQrASX5K96REjWjlmWKrviSOLWmM7QnRLstAWsu1VBBV1ffV6DzCvxNP0UJQ==
  dependencies:
    "@redis/bloom" "1.2.0"
    "@redis/client" "1.6.1"
    "@redis/graph" "1.1.1"
    "@redis/json" "1.0.7"
    "@redis/search" "1.2.0"
    "@redis/time-series" "1.1.0"

safer-buffer@~2.1.0:
  version "2.1.2"
  resolved "https://registry.yarnpkg.com/safer-buffer/-/safer-buffer-2.1.2.tgz#44fa161b0187b9549dd84bb91802f9bd8385cd6a"
  integrity sha512-YZo3K82SD7Riyi0E1EQPojLz7kpepnSQI9IyPbHHg1XXXevb5dJI7tpyN2ADxGcQbHG7vcyRHk0cbwqcQriUtg==

ssh2@~1.11.0:
  version "1.11.0"
  resolved "https://registry.yarnpkg.com/ssh2/-/ssh2-1.11.0.tgz#ce60186216971e12f6deb553dcf82322498fe2e4"
  integrity sha512-nfg0wZWGSsfUe/IBJkXVll3PEZ//YH2guww+mP88gTpuSU4FtZN7zu9JoeTGOyCNx2dTDtT9fOpWwlzyj4uOOw==
  dependencies:
    asn1 "^0.2.4"
    bcrypt-pbkdf "^1.0.2"
  optionalDependencies:
    cpu-features "~0.0.4"
    nan "^2.16.0"

supports-color@^5.3.0:
  version "5.5.0"
  resolved "https://registry.yarnpkg.com/supports-color/-/supports-color-5.5.0.tgz#e2e69a44ac8772f78a1ec0b35b689df6530efc8f"
  integrity sha512-QjVjwdXIt408MIiAqCX4oUKsgU2EqAGzs2Ppkm4aQYbjm+ZEWEcW4SfFNTr4uMNZma0ey4f5lgLrkB0aX0QMow==
  dependencies:
    has-flag "^3.0.0"

thirty-two@^1.0.2:
  version "1.0.2"
  resolved "https://registry.yarnpkg.com/thirty-two/-/thirty-two-1.0.2.tgz#4ca2fffc02a51290d2744b9e3f557693ca6b627a"
  integrity sha512-OEI0IWCe+Dw46019YLl6V10Us5bi574EvlJEOcAkB29IzQ/mYD1A6RyNHLjZPiHCmuodxvgF6U+vZO1L15lxVA==

tweetnacl@^0.14.3:
  version "0.14.5"
  resolved "https://registry.yarnpkg.com/tweetnacl/-/tweetnacl-0.14.5.tgz#5ae68177f192d4456269d108afa93ff8743f4f64"
  integrity sha512-KXXFFdAbFXY4geFIwoyNK+f5Z1b7swfXABfL7HXCmoIWMKU3dmS26672A4EeQtDzLKy7SXmfBu51JolvEKwtGA==

wait-port@^0.2.9:
  version "0.2.14"
  resolved "https://registry.yarnpkg.com/wait-port/-/wait-port-0.2.14.tgz#6df40629be2c95aa4073ceb895abef7d872b28c6"
  integrity sha512-kIzjWcr6ykl7WFbZd0TMae8xovwqcqbx6FM9l+7agOgUByhzdjfzZBPK2CPufldTOMxbUivss//Sh9MFawmPRQ==
  dependencies:
    chalk "^2.4.2"
    commander "^3.0.2"
    debug "^4.1.1"

yallist@4.0.0:
  version "4.0.0"
  resolved "https://registry.yarnpkg.com/yallist/-/yallist-4.0.0.tgz#9bb92790d9c0effec63be73519e11a35019a3a72"
  integrity sha512-3wdGidZyq5PB084XLES5TpOSRA3wjXAlIWMhum2kRcv/41Sn2emQ0dycQW4uZXLejwKvg6EsvbdlVL+FYEct7A==
